
Microsoft Visual Studio Solution File, Format Version 12.00
# Visual Studio Version 17
VisualStudioVersion = 17.3.32929.385
MinimumVisualStudioVersion = 10.0.40219.1
Project("{FAE04EC0-301F-11D3-BF4B-00C04F79EFBC}") = "Calculator", "Calculator\Calculator.csproj", "{7685DE23-BE9C-49F2-A383-575D7F9B7178}"
EndProject
Project("{FAE04EC0-301F-11D3-BF4B-00C04F79EFBC}") = "Calculator.Tests", "Calculator.Tests\Calculator.Tests.csproj", "{75656A62-0110-45B9-9435-45378B14FF5B}"
	ProjectSection(ProjectDependencies) = postProject
		{7685DE23-BE9C-49F2-A383-575D7F9B7178} = {7685DE23-BE9C-49F2-A383-575D7F9B7178}
	EndProjectSection
EndProject
Global
	GlobalSection(SolutionConfigurationPlatforms) = preSolution
		Debug|Any CPU = Debug|Any CPU
		Release|Any CPU = Release|Any CPU
	EndGlobalSection
	GlobalSection(ProjectConfigurationPlatforms) = postSolution
		{7685DE23-BE9C-49F2-A383-575D7F9B7178}.Debug|Any CPU.ActiveCfg = Debug|Any CPU
		{7685DE23-BE9C-49F2-A383-575D7F9B7178}.Debug|Any CPU.Build.0 = Debug|Any CPU
		{7685DE23-BE9C-49F2-A383-575D7F9B7178}.Release|Any CPU.ActiveCfg = Release|Any CPU
		{7685DE23-BE9C-49F2-A383-575D7F9B7178}.Release|Any CPU.Build.0 = Release|Any CPU
		{75656A62-0110-45B9-9435-45378B14FF5B}.Debug|Any CPU.ActiveCfg = Debug|Any CPU
		{75656A62-0110-45B9-9435-45378B14FF5B}.Debug|Any CPU.Build.0 = Debug|Any CPU
		{75656A62-0110-45B9-9435-45378B14FF5B}.Release|Any CPU.ActiveCfg = Release|Any CPU
		{75656A62-0110-45B9-9435-45378B14FF5B}.Release|Any CPU.Build.0 = Release|Any CPU
	EndGlobalSection
	GlobalSection(SolutionProperties) = preSolution
		HideSolutionNode = FALSE
	EndGlobalSection
	GlobalSection(ExtensibilityGlobals) = postSolution
		SolutionGuid = {EE7C55B7-DB2A-4251-BB2D-D13F9A17E58C}
	EndGlobalSection
EndGlobal
